<?xml version="1.0" encoding="utf-8"?>
<Project ToolsVersion="4.0" xmlns="http://schemas.microsoft.com/developer/msbuild/2003">
  <ItemGroup>
    <Filter Include="Quelldateien">
      <UniqueIdentifier>{4FC737F1-C7A5-4376-A066-2A32D752A2FF}</UniqueIdentifier>
      <Extensions>cpp;c;cc;cxx;def;odl;idl;hpj;bat;asm;asmx</Extensions>
    </Filter>
    <Filter Include="Headerdateien">
      <UniqueIdentifier>{93995380-89BD-4b04-88EB-625FBE52EBFB}</UniqueIdentifier>
      <Extensions>h;hh;hpp;hxx;hm;inl;inc;xsd</Extensions>
    </Filter>
    <Filter Include="Shader">
      <UniqueIdentifier>{6e7e0570-cf8d-4aa2-8b2f-48e466c7a3b8}</UniqueIdentifier>
    </Filter>
    <Filter Include="Quelldateien\Ressourcendateien">
      <UniqueIdentifier>{67DA6AB6-F800-4c08-8B7A-83BB121AAD01}</UniqueIdentifier>
      <Extensions>rc;ico;cur;bmp;dlg;rc2;rct;bin;rgs;gif;jpg;jpeg;jpe;resx;tiff;tif;png;wav;mfcribbon-ms</Extensions>
    </Filter>
    <Filter Include="Headerdateien\Libs">
      <UniqueIdentifier>{613cbcfe-6f94-4163-930b-1f531c5ea607}</UniqueIdentifier>
    </Filter>
  </ItemGroup>
  <ItemGroup>
    <ClCompile Include="main.cpp">
      <Filter>Quelldateien</Filter>
    </ClCompile>
    <ClCompile Include="shader_loader.cpp">
      <Filter>Quelldateien</Filter>
    </ClCompile>
    <ClCompile Include="simple_quad_mesh.cpp">
      <Filter>Quelldateien</Filter>
    </ClCompile>
    <ClCompile Include="rendering_utilities.cpp">
      <Filter>Quelldateien</Filter>
    </ClCompile>
    <ClCompile Include="timer.cpp">
      <Filter>Quelldateien</Filter>
    </ClCompile>
    <ClCompile Include="key_memorizer.cpp">
      <Filter>Quelldateien</Filter>
    </ClCompile>
    <ClCompile Include="player.cpp">
      <Filter>Quelldateien</Filter>
    </ClCompile>
    <ClCompile Include="level.cpp">
      <Filter>Quelldateien</Filter>
    </ClCompile>
    <ClCompile Include="wall_block.cpp">
      <Filter>Quelldateien</Filter>
    </ClCompile>
  </ItemGroup>
  <ItemGroup>
    <ClInclude Include="shader_loader.h">
      <Filter>Headerdateien</Filter>
    </ClInclude>
    <ClInclude Include="Libs\glut.h">
      <Filter>Headerdateien\Libs</Filter>
    </ClInclude>
    <ClInclude Include="Libs\glew.h">
      <Filter>Headerdateien\Libs</Filter>
    </ClInclude>
    <ClInclude Include="rendering_utilities.h">
      <Filter>Headerdateien</Filter>
    </ClInclude>
    <ClInclude Include="timer.h">
      <Filter>Headerdateien</Filter>
    </ClInclude>
    <ClInclude Include="key_memorizer.h">
      <Filter>Headerdateien</Filter>
    </ClInclude>
    <ClInclude Include="player.h">
      <Filter>Headerdateien</Filter>
    </ClInclude>
    <ClInclude Include="wall_block.h">
      <Filter>Headerdateien</Filter>
    </ClInclude>
    <ClInclude Include="level.h">
      <Filter>Headerdateien</Filter>
    </ClInclude>
    <ClInclude Include="mesh.h">
      <Filter>Headerdateien</Filter>
    </ClInclude>
  </ItemGroup>
  <ItemGroup>
    <Library Include="Libs\glut32.lib">
      <Filter>Headerdateien\Libs</Filter>
    </Library>
    <Library Include="Libs\glew32.lib">
      <Filter>Headerdateien\Libs</Filter>
    </Library>
  </ItemGroup>
  <ItemGroup>
    <None Include="Shader\simple_quad_shader_frag.glsl">
      <Filter>Shader</Filter>
    </None>
    <None Include="Shader\simple_quad_shader_vert.glsl">
      <Filter>Shader</Filter>
    </None>
    <None Include="simple_quad_mesh.h">
      <Filter>Headerdateien</Filter>
    </None>
  </ItemGroup>
</Project>